
Microsoft Visual Studio Solution File, Format Version 12.00
# Visual Studio Version 16
VisualStudioVersion = 16.0.30907.101
MinimumVisualStudioVersion = 10.0.40219.1
Project("{FAE04EC0-301F-11D3-BF4B-00C04F79EFBC}") = "Triangulo", "Triangulo\Triangulo.csproj", "{B19275A7-9A65-47A5-8DC0-80374229266A}"
EndProject
Global
	GlobalSection(SolutionConfigurationPlatforms) = preSolution
		Debug|Any CPU = Debug|Any CPU
		Release|Any CPU = Release|Any CPU
	EndGlobalSection
	GlobalSection(ProjectConfigurationPlatforms) = postSolution
		{B19275A7-9A65-47A5-8DC0-80374229266A}.Debug|Any CPU.ActiveCfg = Debug|Any CPU
		{B19275A7-9A65-47A5-8DC0-80374229266A}.Debug|Any CPU.Build.0 = Debug|Any CPU
		{B19275A7-9A65-47A5-8DC0-80374229266A}.Release|Any CPU.ActiveCfg = Release|Any CPU
		{B19275A7-9A65-47A5-8DC0-80374229266A}.Release|Any CPU.Build.0 = Release|Any CPU
	EndGlobalSection
	GlobalSection(SolutionProperties) = preSolution
		HideSolutionNode = FALSE
	EndGlobalSection
	GlobalSection(ExtensibilityGlobals) = postSolution
		SolutionGuid = {F7585E5F-2F21-4130-A8F2-EB6CA29C2CED}
	EndGlobalSection
EndGlobal
